// !$*UTF8*$!
{
	archiveVersion = 1;
	classes = {
	};
	objectVersion = 50;
	objects = {

/* Begin PBXBuildFile section */
		18D0AF53229B8FC5007B72A5 /* JobMasterController.swift in Sources */ = {isa = PBXBuildFile; fileRef = 18D0AF52229B8FC5007B72A5 /* JobMasterController.swift */; };
		18D0AF55229B95AE007B72A5 /* JobCell.swift in Sources */ = {isa = PBXBuildFile; fileRef = 18D0AF54229B95AE007B72A5 /* JobCell.swift */; };
		18D0AF57229B95CE007B72A5 /* WebViewController.swift in Sources */ = {isa = PBXBuildFile; fileRef = 18D0AF56229B95CE007B72A5 /* WebViewController.swift */; };
		18D0AF5A229B9670007B72A5 /* PopupView.swift in Sources */ = {isa = PBXBuildFile; fileRef = 18D0AF59229B9670007B72A5 /* PopupView.swift */; };
		18D0AF5C229B968C007B72A5 /* Button.swift in Sources */ = {isa = PBXBuildFile; fileRef = 18D0AF5B229B968C007B72A5 /* Button.swift */; };
		18D0AF5E229B96B4007B72A5 /* Extension.swift in Sources */ = {isa = PBXBuildFile; fileRef = 18D0AF5D229B96B4007B72A5 /* Extension.swift */; };
		540068D321EF0B7F00998CA7 /* ChatVC.swift in Sources */ = {isa = PBXBuildFile; fileRef = 540068D221EF0B7F00998CA7 /* ChatVC.swift */; };
		541D4F4D21DC973F003E7C85 /* DistrictTableViewCell.swift in Sources */ = {isa = PBXBuildFile; fileRef = 541D4F4C21DC973F003E7C85 /* DistrictTableViewCell.swift */; };
		541D4F5021DCB73C003E7C85 /* RoundConnerLabel.swift in Sources */ = {isa = PBXBuildFile; fileRef = 541D4F4F21DCB73C003E7C85 /* RoundConnerLabel.swift */; };
		543CB55421E799B5002DC31A /* Global.swift in Sources */ = {isa = PBXBuildFile; fileRef = 543CB55321E799B5002DC31A /* Global.swift */; };
		543F0CDE21E74377007D5EED /* JSQSystemSoundPlayer.framework in Frameworks */ = {isa = PBXBuildFile; fileRef = 543F0CDD21E74377007D5EED /* JSQSystemSoundPlayer.framework */; };
		543F0CE421E745E8007D5EED /* ChatViewController.swift in Sources */ = {isa = PBXBuildFile; fileRef = 543F0CE321E745E8007D5EED /* ChatViewController.swift */; };
		543F0CE621E7509C007D5EED /* SpeechManager.swift in Sources */ = {isa = PBXBuildFile; fileRef = 543F0CE521E7509C007D5EED /* SpeechManager.swift */; };
		54465526221D2FCC00F3B7BD /* hiddenTopView.swift in Sources */ = {isa = PBXBuildFile; fileRef = 54465524221D2FCC00F3B7BD /* hiddenTopView.swift */; };
		54465527221D2FCC00F3B7BD /* hiddenTopView.xib in Resources */ = {isa = PBXBuildFile; fileRef = 54465525221D2FCC00F3B7BD /* hiddenTopView.xib */; };
		545348FD21F5646D0051DD29 /* Data+Service.swift in Sources */ = {isa = PBXBuildFile; fileRef = 545348FC21F5646D0051DD29 /* Data+Service.swift */; };
		5453490121F6C80B0051DD29 /* jobs.plist in Resources */ = {isa = PBXBuildFile; fileRef = 5453490021F6C80B0051DD29 /* jobs.plist */; };
		5453490321F6CAB50051DD29 /* File.swift in Sources */ = {isa = PBXBuildFile; fileRef = 5453490221F6CAB50051DD29 /* File.swift */; };
		5453490D21F83BCA0051DD29 /* Popview.xib in Resources */ = {isa = PBXBuildFile; fileRef = 5453490C21F83BCA0051DD29 /* Popview.xib */; };
		5453490F21F83DA90051DD29 /* Popview.swift in Sources */ = {isa = PBXBuildFile; fileRef = 5453490E21F83DA90051DD29 /* Popview.swift */; };
		54734B2F21DF274600DC208C /* RegistrationStatusViewController.swift in Sources */ = {isa = PBXBuildFile; fileRef = 54734B2E21DF274600DC208C /* RegistrationStatusViewController.swift */; };
		54734B3121DF279E00DC208C /* RegistrationCell.swift in Sources */ = {isa = PBXBuildFile; fileRef = 54734B3021DF279E00DC208C /* RegistrationCell.swift */; };
		547C954921E73EC100F5321C /* Podfile in Resources */ = {isa = PBXBuildFile; fileRef = 547C954821E73EC100F5321C /* Podfile */; };
		5489B20A21E73A4400199277 /* Pods in Resources */ = {isa = PBXBuildFile; fileRef = 5489B20921E73A4400199277 /* Pods */; };
		548B99FF21EDC8CB00193310 /* TabBarController.swift in Sources */ = {isa = PBXBuildFile; fileRef = 548B99FE21EDC8CB00193310 /* TabBarController.swift */; };
		54B7C3F821E78A9A004B4FA8 /* JSQMessagesViewController.framework in Frameworks */ = {isa = PBXBuildFile; fileRef = 54B7C3F721E78A9A004B4FA8 /* JSQMessagesViewController.framework */; settings = {ATTRIBUTES = (Required, ); }; };
		54FB8D1021D22DB800D9DB07 /* Cities.plist in Resources */ = {isa = PBXBuildFile; fileRef = 54FB8D0F21D22DB800D9DB07 /* Cities.plist */; };
		54FB8D1221D22DBF00D9DB07 /* Districts.plist in Resources */ = {isa = PBXBuildFile; fileRef = 54FB8D1121D22DBF00D9DB07 /* Districts.plist */; };
		54FB8D1521D2460900D9DB07 /* GetDataFromPlist.swift in Sources */ = {isa = PBXBuildFile; fileRef = 54FB8D1421D2460900D9DB07 /* GetDataFromPlist.swift */; };
		54FB8D1721D2611A00D9DB07 /* City District.swift in Sources */ = {isa = PBXBuildFile; fileRef = 54FB8D1621D2611A00D9DB07 /* City District.swift */; };
		54FB8D1C21D27DDE00D9DB07 /* StartViewController.swift in Sources */ = {isa = PBXBuildFile; fileRef = 54FB8D1B21D27DDE00D9DB07 /* StartViewController.swift */; };
		54FB8D1E21D27E0B00D9DB07 /* CityTableViewController.swift in Sources */ = {isa = PBXBuildFile; fileRef = 54FB8D1D21D27E0B00D9DB07 /* CityTableViewController.swift */; };
		54FB8D2021D27E1B00D9DB07 /* DistrictTableViewController.swift in Sources */ = {isa = PBXBuildFile; fileRef = 54FB8D1F21D27E1B00D9DB07 /* DistrictTableViewController.swift */; };
		54FB8D2221D3604C00D9DB07 /* GenderViewController.swift in Sources */ = {isa = PBXBuildFile; fileRef = 54FB8D2121D3604C00D9DB07 /* GenderViewController.swift */; };
		54FB8D2421D3638200D9DB07 /* AgeViewController.swift in Sources */ = {isa = PBXBuildFile; fileRef = 54FB8D2321D3638200D9DB07 /* AgeViewController.swift */; };
		54FB8D2621D4C83200D9DB07 /* CityTableViewCell.swift in Sources */ = {isa = PBXBuildFile; fileRef = 54FB8D2521D4C83200D9DB07 /* CityTableViewCell.swift */; };
		696B4B9BF89B37D7ED385E6E /* Pods_ManToMan.framework in Frameworks */ = {isa = PBXBuildFile; fileRef = 707ED920EC84B5DD53901CEF /* Pods_ManToMan.framework */; };
		8403A7DA222E0DAB0034E52A /* Jobs.storyboard in Resources */ = {isa = PBXBuildFile; fileRef = 8403A7D8222E0DAB0034E52A /* Jobs.storyboard */; };
		988C3BBC21D078D6006FCE2C /* AppDelegate.swift in Sources */ = {isa = PBXBuildFile; fileRef = 988C3BBB21D078D6006FCE2C /* AppDelegate.swift */; };
		988C3BC121D078D6006FCE2C /* Main.storyboard in Resources */ = {isa = PBXBuildFile; fileRef = 988C3BBF21D078D6006FCE2C /* Main.storyboard */; };
		988C3BC321D078D7006FCE2C /* Assets.xcassets in Resources */ = {isa = PBXBuildFile; fileRef = 988C3BC221D078D7006FCE2C /* Assets.xcassets */; };
		988C3BC621D078D7006FCE2C /* LaunchScreen.storyboard in Resources */ = {isa = PBXBuildFile; fileRef = 988C3BC421D078D7006FCE2C /* LaunchScreen.storyboard */; };
/* End PBXBuildFile section */

/* Begin PBXFileReference section */
		18D0AF52229B8FC5007B72A5 /* JobMasterController.swift */ = {isa = PBXFileReference; lastKnownFileType = sourcecode.swift; path = JobMasterController.swift; sourceTree = "<group>"; };
		18D0AF54229B95AE007B72A5 /* JobCell.swift */ = {isa = PBXFileReference; lastKnownFileType = sourcecode.swift; path = JobCell.swift; sourceTree = "<group>"; };
		18D0AF56229B95CE007B72A5 /* WebViewController.swift */ = {isa = PBXFileReference; lastKnownFileType = sourcecode.swift; path = WebViewController.swift; sourceTree = "<group>"; };
		18D0AF59229B9670007B72A5 /* PopupView.swift */ = {isa = PBXFileReference; lastKnownFileType = sourcecode.swift; path = PopupView.swift; sourceTree = "<group>"; };
		18D0AF5B229B968C007B72A5 /* Button.swift */ = {isa = PBXFileReference; lastKnownFileType = sourcecode.swift; path = Button.swift; sourceTree = "<group>"; };
		18D0AF5D229B96B4007B72A5 /* Extension.swift */ = {isa = PBXFileReference; lastKnownFileType = sourcecode.swift; path = Extension.swift; sourceTree = "<group>"; };
		540068D221EF0B7F00998CA7 /* ChatVC.swift */ = {isa = PBXFileReference; fileEncoding = 4; lastKnownFileType = sourcecode.swift; path = ChatVC.swift; sourceTree = "<group>"; };
		541D4F4C21DC973F003E7C85 /* DistrictTableViewCell.swift */ = {isa = PBXFileReference; fileEncoding = 4; lastKnownFileType = sourcecode.swift; path = DistrictTableViewCell.swift; sourceTree = "<group>"; };
		541D4F4F21DCB73C003E7C85 /* RoundConnerLabel.swift */ = {isa = PBXFileReference; fileEncoding = 4; lastKnownFileType = sourcecode.swift; path = RoundConnerLabel.swift; sourceTree = "<group>"; };
		543CB55321E799B5002DC31A /* Global.swift */ = {isa = PBXFileReference; lastKnownFileType = sourcecode.swift; path = Global.swift; sourceTree = "<group>"; };
		543F0CDB21E74372007D5EED /* JSQMessagesViewController.framework */ = {isa = PBXFileReference; explicitFileType = wrapper.framework; path = JSQMessagesViewController.framework; sourceTree = BUILT_PRODUCTS_DIR; };
		543F0CDD21E74377007D5EED /* JSQSystemSoundPlayer.framework */ = {isa = PBXFileReference; explicitFileType = wrapper.framework; path = JSQSystemSoundPlayer.framework; sourceTree = BUILT_PRODUCTS_DIR; };
		543F0CDF21E7437B007D5EED /* ApiAI.framework */ = {isa = PBXFileReference; explicitFileType = wrapper.framework; path = ApiAI.framework; sourceTree = BUILT_PRODUCTS_DIR; };
		543F0CE321E745E8007D5EED /* ChatViewController.swift */ = {isa = PBXFileReference; fileEncoding = 4; lastKnownFileType = sourcecode.swift; path = ChatViewController.swift; sourceTree = "<group>"; };
		543F0CE521E7509C007D5EED /* SpeechManager.swift */ = {isa = PBXFileReference; fileEncoding = 4; lastKnownFileType = sourcecode.swift; path = SpeechManager.swift; sourceTree = "<group>"; };
		54465524221D2FCC00F3B7BD /* hiddenTopView.swift */ = {isa = PBXFileReference; fileEncoding = 4; lastKnownFileType = sourcecode.swift; path = hiddenTopView.swift; sourceTree = "<group>"; };
		54465525221D2FCC00F3B7BD /* hiddenTopView.xib */ = {isa = PBXFileReference; fileEncoding = 4; lastKnownFileType = file.xib; path = hiddenTopView.xib; sourceTree = "<group>"; };
		545348FC21F5646D0051DD29 /* Data+Service.swift */ = {isa = PBXFileReference; lastKnownFileType = sourcecode.swift; path = "Data+Service.swift"; sourceTree = "<group>"; };
		5453490021F6C80B0051DD29 /* jobs.plist */ = {isa = PBXFileReference; lastKnownFileType = text.plist.xml; path = jobs.plist; sourceTree = "<group>"; };
		5453490221F6CAB50051DD29 /* File.swift */ = {isa = PBXFileReference; lastKnownFileType = sourcecode.swift; path = File.swift; sourceTree = "<group>"; };
		5453490C21F83BCA0051DD29 /* Popview.xib */ = {isa = PBXFileReference; fileEncoding = 4; lastKnownFileType = file.xib; path = Popview.xib; sourceTree = "<group>"; };
		5453490E21F83DA90051DD29 /* Popview.swift */ = {isa = PBXFileReference; fileEncoding = 4; lastKnownFileType = sourcecode.swift; path = Popview.swift; sourceTree = "<group>"; };
		54734B2E21DF274600DC208C /* RegistrationStatusViewController.swift */ = {isa = PBXFileReference; fileEncoding = 4; lastKnownFileType = sourcecode.swift; path = RegistrationStatusViewController.swift; sourceTree = "<group>"; };
		54734B3021DF279E00DC208C /* RegistrationCell.swift */ = {isa = PBXFileReference; fileEncoding = 4; lastKnownFileType = sourcecode.swift; path = RegistrationCell.swift; sourceTree = "<group>"; };
		547C954821E73EC100F5321C /* Podfile */ = {isa = PBXFileReference; lastKnownFileType = text; path = Podfile; sourceTree = "<group>"; xcLanguageSpecificationIdentifier = xcode.lang.ruby; };
		5489B20721E7395C00199277 /* libApiAI.a */ = {isa = PBXFileReference; explicitFileType = archive.ar; name = libApiAI.a; path = "../../../../../../../../../../../Users/toan/Library/Developer/Xcode/DerivedData/ManToMan-bduawhflqntmjrafzvlocirnnfpa/Build/Products/Debug-iphoneos/libApiAI.a"; sourceTree = SDKROOT; };
		5489B20921E73A4400199277 /* Pods */ = {isa = PBXFileReference; lastKnownFileType = folder; path = Pods; sourceTree = "<group>"; };
		548B99FE21EDC8CB00193310 /* TabBarController.swift */ = {isa = PBXFileReference; fileEncoding = 4; lastKnownFileType = sourcecode.swift; path = TabBarController.swift; sourceTree = "<group>"; };
		54B7C3F721E78A9A004B4FA8 /* JSQMessagesViewController.framework */ = {isa = PBXFileReference; explicitFileType = wrapper.framework; path = JSQMessagesViewController.framework; sourceTree = BUILT_PRODUCTS_DIR; };
		54FB8D0F21D22DB800D9DB07 /* Cities.plist */ = {isa = PBXFileReference; fileEncoding = 4; lastKnownFileType = text.plist.xml; path = Cities.plist; sourceTree = "<group>"; };
		54FB8D1121D22DBF00D9DB07 /* Districts.plist */ = {isa = PBXFileReference; fileEncoding = 4; lastKnownFileType = text.plist.xml; path = Districts.plist; sourceTree = "<group>"; };
		54FB8D1421D2460900D9DB07 /* GetDataFromPlist.swift */ = {isa = PBXFileReference; lastKnownFileType = sourcecode.swift; path = GetDataFromPlist.swift; sourceTree = "<group>"; };
		54FB8D1621D2611A00D9DB07 /* City District.swift */ = {isa = PBXFileReference; lastKnownFileType = sourcecode.swift; path = "City District.swift"; sourceTree = "<group>"; };
		54FB8D1B21D27DDE00D9DB07 /* StartViewController.swift */ = {isa = PBXFileReference; fileEncoding = 4; lastKnownFileType = sourcecode.swift; path = StartViewController.swift; sourceTree = "<group>"; };
		54FB8D1D21D27E0B00D9DB07 /* CityTableViewController.swift */ = {isa = PBXFileReference; fileEncoding = 4; lastKnownFileType = sourcecode.swift; path = CityTableViewController.swift; sourceTree = "<group>"; };
		54FB8D1F21D27E1B00D9DB07 /* DistrictTableViewController.swift */ = {isa = PBXFileReference; fileEncoding = 4; lastKnownFileType = sourcecode.swift; path = DistrictTableViewController.swift; sourceTree = "<group>"; };
		54FB8D2121D3604C00D9DB07 /* GenderViewController.swift */ = {isa = PBXFileReference; fileEncoding = 4; lastKnownFileType = sourcecode.swift; path = GenderViewController.swift; sourceTree = "<group>"; };
		54FB8D2321D3638200D9DB07 /* AgeViewController.swift */ = {isa = PBXFileReference; fileEncoding = 4; lastKnownFileType = sourcecode.swift; path = AgeViewController.swift; sourceTree = "<group>"; };
		54FB8D2521D4C83200D9DB07 /* CityTableViewCell.swift */ = {isa = PBXFileReference; fileEncoding = 4; lastKnownFileType = sourcecode.swift; path = CityTableViewCell.swift; sourceTree = "<group>"; };
		707ED920EC84B5DD53901CEF /* Pods_ManToMan.framework */ = {isa = PBXFileReference; explicitFileType = wrapper.framework; includeInIndex = 0; path = Pods_ManToMan.framework; sourceTree = BUILT_PRODUCTS_DIR; };
		8403A7D9222E0DAB0034E52A /* Base */ = {isa = PBXFileReference; lastKnownFileType = file.storyboard; name = Base; path = Base.lproj/Jobs.storyboard; sourceTree = "<group>"; };
		988C3BB821D078D6006FCE2C /* ManToMan.app */ = {isa = PBXFileReference; explicitFileType = wrapper.application; includeInIndex = 0; path = ManToMan.app; sourceTree = BUILT_PRODUCTS_DIR; };
		988C3BBB21D078D6006FCE2C /* AppDelegate.swift */ = {isa = PBXFileReference; lastKnownFileType = sourcecode.swift; path = AppDelegate.swift; sourceTree = "<group>"; };
		988C3BC021D078D6006FCE2C /* Base */ = {isa = PBXFileReference; lastKnownFileType = file.storyboard; name = Base; path = Base.lproj/Main.storyboard; sourceTree = "<group>"; };
		988C3BC221D078D7006FCE2C /* Assets.xcassets */ = {isa = PBXFileReference; lastKnownFileType = folder.assetcatalog; path = Assets.xcassets; sourceTree = "<group>"; };
		988C3BC521D078D7006FCE2C /* Base */ = {isa = PBXFileReference; lastKnownFileType = file.storyboard; name = Base; path = Base.lproj/LaunchScreen.storyboard; sourceTree = "<group>"; };
		988C3BC721D078D7006FCE2C /* Info.plist */ = {isa = PBXFileReference; lastKnownFileType = text.plist.xml; path = Info.plist; sourceTree = "<group>"; };
		BC03B3C9F58C8D4227D0160E /* Pods-ManToMan.release.xcconfig */ = {isa = PBXFileReference; includeInIndex = 1; lastKnownFileType = text.xcconfig; name = "Pods-ManToMan.release.xcconfig"; path = "Pods/Target Support Files/Pods-ManToMan/Pods-ManToMan.release.xcconfig"; sourceTree = "<group>"; };
		C4D885E1897F5AAD183A6329 /* Pods-ManToMan.debug.xcconfig */ = {isa = PBXFileReference; includeInIndex = 1; lastKnownFileType = text.xcconfig; name = "Pods-ManToMan.debug.xcconfig"; path = "Pods/Target Support Files/Pods-ManToMan/Pods-ManToMan.debug.xcconfig"; sourceTree = "<group>"; };
/* End PBXFileReference section */

/* Begin PBXFrameworksBuildPhase section */
		988C3BB521D078D6006FCE2C /* Frameworks */ = {
			isa = PBXFrameworksBuildPhase;
			buildActionMask = 2147483647;
			files = (
				54B7C3F821E78A9A004B4FA8 /* JSQMessagesViewController.framework in Frameworks */,
				543F0CDE21E74377007D5EED /* JSQSystemSoundPlayer.framework in Frameworks */,
				696B4B9BF89B37D7ED385E6E /* Pods_ManToMan.framework in Frameworks */,
			);
			runOnlyForDeploymentPostprocessing = 0;
		};
/* End PBXFrameworksBuildPhase section */

/* Begin PBXGroup section */
		18D0AF58229B961A007B72A5 /* PopupView+Extension */ = {
			isa = PBXGroup;
			children = (
				18D0AF59229B9670007B72A5 /* PopupView.swift */,
				18D0AF5B229B968C007B72A5 /* Button.swift */,
				18D0AF5D229B96B4007B72A5 /* Extension.swift */,
			);
			path = "PopupView+Extension";
			sourceTree = "<group>";
		};
		1F49767698E4D746DD36A903 /* Pods */ = {
			isa = PBXGroup;
			children = (
				5489B20921E73A4400199277 /* Pods */,
				C4D885E1897F5AAD183A6329 /* Pods-ManToMan.debug.xcconfig */,
				BC03B3C9F58C8D4227D0160E /* Pods-ManToMan.release.xcconfig */,
			);
			name = Pods;
			sourceTree = "<group>";
		};
		543F0CE121E7444D007D5EED /* AppDelegate */ = {
			isa = PBXGroup;
			children = (
				988C3BBB21D078D6006FCE2C /* AppDelegate.swift */,
			);
			path = AppDelegate;
			sourceTree = "<group>";
		};
		543F0CE221E744E7007D5EED /* ChatVC */ = {
			isa = PBXGroup;
			children = (
				543F0CE521E7509C007D5EED /* SpeechManager.swift */,
				543F0CE321E745E8007D5EED /* ChatViewController.swift */,
				540068D221EF0B7F00998CA7 /* ChatVC.swift */,
			);
			path = ChatVC;
			sourceTree = "<group>";
		};
		5453490721F83A420051DD29 /* Popview */ = {
			isa = PBXGroup;
			children = (
				5453490C21F83BCA0051DD29 /* Popview.xib */,
				5453490E21F83DA90051DD29 /* Popview.swift */,
				54465524221D2FCC00F3B7BD /* hiddenTopView.swift */,
				54465525221D2FCC00F3B7BD /* hiddenTopView.xib */,
			);
			path = Popview;
			sourceTree = "<group>";
		};
		548B99FB21EDC80500193310 /* TabBarVC */ = {
			isa = PBXGroup;
			children = (
				548B99FE21EDC8CB00193310 /* TabBarController.swift */,
				543F0CE221E744E7007D5EED /* ChatVC */,
				18D0AF58229B961A007B72A5 /* PopupView+Extension */,
				548B99FC21EDC84E00193310 /* JobVC */,
			);
			path = TabBarVC;
			sourceTree = "<group>";
		};
		548B99FC21EDC84E00193310 /* JobVC */ = {
			isa = PBXGroup;
			children = (
				18D0AF52229B8FC5007B72A5 /* JobMasterController.swift */,
				18D0AF54229B95AE007B72A5 /* JobCell.swift */,
				18D0AF56229B95CE007B72A5 /* WebViewController.swift */,
				5453490721F83A420051DD29 /* Popview */,
			);
			path = JobVC;
			sourceTree = "<group>";
		};
		548B99FD21EDC87A00193310 /* RegisterVC */ = {
			isa = PBXGroup;
			children = (
				54734B2E21DF274600DC208C /* RegistrationStatusViewController.swift */,
				54734B3021DF279E00DC208C /* RegistrationCell.swift */,
			);
			path = RegisterVC;
			sourceTree = "<group>";
		};
		54FB8D1321D241F700D9DB07 /* Model */ = {
			isa = PBXGroup;
			children = (
				54FB8D1421D2460900D9DB07 /* GetDataFromPlist.swift */,
				54FB8D1621D2611A00D9DB07 /* City District.swift */,
				545348FC21F5646D0051DD29 /* Data+Service.swift */,
				543CB55321E799B5002DC31A /* Global.swift */,
			);
			path = Model;
			sourceTree = "<group>";
		};
		54FB8D1A21D27D9A00D9DB07 /* Controller */ = {
			isa = PBXGroup;
			children = (
				548B99FB21EDC80500193310 /* TabBarVC */,
				54FB8D1B21D27DDE00D9DB07 /* StartViewController.swift */,
				54FB8D1D21D27E0B00D9DB07 /* CityTableViewController.swift */,
				54FB8D2521D4C83200D9DB07 /* CityTableViewCell.swift */,
				54FB8D1F21D27E1B00D9DB07 /* DistrictTableViewController.swift */,
				541D4F4C21DC973F003E7C85 /* DistrictTableViewCell.swift */,
				54FB8D2121D3604C00D9DB07 /* GenderViewController.swift */,
				54FB8D2321D3638200D9DB07 /* AgeViewController.swift */,
				541D4F4F21DCB73C003E7C85 /* RoundConnerLabel.swift */,
				548B99FD21EDC87A00193310 /* RegisterVC */,
			);
			path = Controller;
			sourceTree = "<group>";
		};
		988C3BAF21D078D6006FCE2C = {
			isa = PBXGroup;
			children = (
				547C954821E73EC100F5321C /* Podfile */,
				988C3BBA21D078D6006FCE2C /* ManToMan */,
				988C3BB921D078D6006FCE2C /* Products */,
				1F49767698E4D746DD36A903 /* Pods */,
				F2503710A76B39BB091D74F6 /* Frameworks */,
			);
			sourceTree = "<group>";
		};
		988C3BB921D078D6006FCE2C /* Products */ = {
			isa = PBXGroup;
			children = (
				988C3BB821D078D6006FCE2C /* ManToMan.app */,
			);
			name = Products;
			sourceTree = "<group>";
		};
		988C3BBA21D078D6006FCE2C /* ManToMan */ = {
			isa = PBXGroup;
			children = (
				543F0CE121E7444D007D5EED /* AppDelegate */,
				54FB8D1321D241F700D9DB07 /* Model */,
				8403A7D8222E0DAB0034E52A /* Jobs.storyboard */,
				988C3BBF21D078D6006FCE2C /* Main.storyboard */,
				54FB8D1A21D27D9A00D9DB07 /* Controller */,
				988C3BC221D078D7006FCE2C /* Assets.xcassets */,
				988C3BC421D078D7006FCE2C /* LaunchScreen.storyboard */,
				54FB8D0F21D22DB800D9DB07 /* Cities.plist */,
				5453490021F6C80B0051DD29 /* jobs.plist */,
				5453490221F6CAB50051DD29 /* File.swift */,
				988C3BC721D078D7006FCE2C /* Info.plist */,
				54FB8D1121D22DBF00D9DB07 /* Districts.plist */,
			);
			path = ManToMan;
			sourceTree = "<group>";
		};
		F2503710A76B39BB091D74F6 /* Frameworks */ = {
			isa = PBXGroup;
			children = (
				54B7C3F721E78A9A004B4FA8 /* JSQMessagesViewController.framework */,
				543F0CDF21E7437B007D5EED /* ApiAI.framework */,
				543F0CDD21E74377007D5EED /* JSQSystemSoundPlayer.framework */,
				543F0CDB21E74372007D5EED /* JSQMessagesViewController.framework */,
				5489B20721E7395C00199277 /* libApiAI.a */,
				707ED920EC84B5DD53901CEF /* Pods_ManToMan.framework */,
			);
			name = Frameworks;
			sourceTree = "<group>";
		};
/* End PBXGroup section */

/* Begin PBXNativeTarget section */
		988C3BB721D078D6006FCE2C /* ManToMan */ = {
			isa = PBXNativeTarget;
			buildConfigurationList = 988C3BCA21D078D7006FCE2C /* Build configuration list for PBXNativeTarget "ManToMan" */;
			buildPhases = (
				FB49CB0E1EF753A15AE8895F /* [CP] Check Pods Manifest.lock */,
				988C3BB421D078D6006FCE2C /* Sources */,
				988C3BB521D078D6006FCE2C /* Frameworks */,
				988C3BB621D078D6006FCE2C /* Resources */,
				6ED06615EFACB1999FAA6B7F /* [CP] Embed Pods Frameworks */,
			);
			buildRules = (
			);
			dependencies = (
			);
			name = ManToMan;
			productName = ManToMan;
			productReference = 988C3BB821D078D6006FCE2C /* ManToMan.app */;
			productType = "com.apple.product-type.application";
		};
/* End PBXNativeTarget section */

/* Begin PBXProject section */
		988C3BB021D078D6006FCE2C /* Project object */ = {
			isa = PBXProject;
			attributes = {
				LastSwiftUpdateCheck = 1010;
				LastUpgradeCheck = 1010;
				ORGANIZATIONNAME = "Thang Hoa";
				TargetAttributes = {
					988C3BB721D078D6006FCE2C = {
						CreatedOnToolsVersion = 10.1;
					};
				};
			};
			buildConfigurationList = 988C3BB321D078D6006FCE2C /* Build configuration list for PBXProject "ManToMan" */;
			compatibilityVersion = "Xcode 9.3";
			developmentRegion = en;
			hasScannedForEncodings = 0;
			knownRegions = (
				en,
				Base,
			);
			mainGroup = 988C3BAF21D078D6006FCE2C;
			productRefGroup = 988C3BB921D078D6006FCE2C /* Products */;
			projectDirPath = "";
			projectRoot = "";
			targets = (
				988C3BB721D078D6006FCE2C /* ManToMan */,
			);
		};
/* End PBXProject section */

/* Begin PBXResourcesBuildPhase section */
		988C3BB621D078D6006FCE2C /* Resources */ = {
			isa = PBXResourcesBuildPhase;
			buildActionMask = 2147483647;
			files = (
				5489B20A21E73A4400199277 /* Pods in Resources */,
				988C3BC621D078D7006FCE2C /* LaunchScreen.storyboard in Resources */,
				8403A7DA222E0DAB0034E52A /* Jobs.storyboard in Resources */,
				5453490D21F83BCA0051DD29 /* Popview.xib in Resources */,
				5453490121F6C80B0051DD29 /* jobs.plist in Resources */,
				54FB8D1221D22DBF00D9DB07 /* Districts.plist in Resources */,
				988C3BC321D078D7006FCE2C /* Assets.xcassets in Resources */,
				54465527221D2FCC00F3B7BD /* hiddenTopView.xib in Resources */,
				988C3BC121D078D6006FCE2C /* Main.storyboard in Resources */,
				547C954921E73EC100F5321C /* Podfile in Resources */,
				54FB8D1021D22DB800D9DB07 /* Cities.plist in Resources */,
			);
			runOnlyForDeploymentPostprocessing = 0;
		};
/* End PBXResourcesBuildPhase section */

/* Begin PBXShellScriptBuildPhase section */
		6ED06615EFACB1999FAA6B7F /* [CP] Embed Pods Frameworks */ = {
			isa = PBXShellScriptBuildPhase;
			buildActionMask = 2147483647;
			files = (
			);
			inputPaths = (
				"${SRCROOT}/Pods/Target Support Files/Pods-ManToMan/Pods-ManToMan-frameworks.sh",
				"${BUILT_PRODUCTS_DIR}/ApiAI/ApiAI.framework",
				"${BUILT_PRODUCTS_DIR}/JSQMessagesViewController/JSQMessagesViewController.framework",
				"${BUILT_PRODUCTS_DIR}/JSQSystemSoundPlayer/JSQSystemSoundPlayer.framework",
			);
			name = "[CP] Embed Pods Frameworks";
			outputPaths = (
				"${TARGET_BUILD_DIR}/${FRAMEWORKS_FOLDER_PATH}/ApiAI.framework",
				"${TARGET_BUILD_DIR}/${FRAMEWORKS_FOLDER_PATH}/JSQMessagesViewController.framework",
				"${TARGET_BUILD_DIR}/${FRAMEWORKS_FOLDER_PATH}/JSQSystemSoundPlayer.framework",
			);
			runOnlyForDeploymentPostprocessing = 0;
			shellPath = /bin/sh;
			shellScript = "\"${SRCROOT}/Pods/Target Support Files/Pods-ManToMan/Pods-ManToMan-frameworks.sh\"\n";
			showEnvVarsInLog = 0;
		};
		FB49CB0E1EF753A15AE8895F /* [CP] Check Pods Manifest.lock */ = {
			isa = PBXShellScriptBuildPhase;
			buildActionMask = 8;
			files = (
			);
			inputPaths = (
				"${PODS_PODFILE_DIR_PATH}/Podfile.lock",
				"${PODS_ROOT}/Manifest.lock",
			);
			name = "[CP] Check Pods Manifest.lock";
			outputPaths = (
				"$(DERIVED_FILE_DIR)/Pods-ManToMan-checkManifestLockResult.txt",
			);
			runOnlyForDeploymentPostprocessing = 1;
			shellPath = /bin/sh;
			shellScript = "diff \"${PODS_PODFILE_DIR_PATH}/Podfile.lock\" \"${PODS_ROOT}/Manifest.lock\" > /dev/null\nif [ $? != 0 ] ; then\n    # print error to STDERR\n    echo \"error: The sandbox is not in sync with the Podfile.lock. Run 'pod install' or update your CocoaPods installation.\" >&2\n    exit 1\nfi\n# This output is used by Xcode 'outputs' to avoid re-running this script phase.\necho \"SUCCESS\" > \"${SCRIPT_OUTPUT_FILE_0}\"\n";
			showEnvVarsInLog = 0;
		};
/* End PBXShellScriptBuildPhase section */

/* Begin PBXSourcesBuildPhase section */
		988C3BB421D078D6006FCE2C /* Sources */ = {
			isa = PBXSourcesBuildPhase;
			buildActionMask = 2147483647;
			files = (
				54FB8D1E21D27E0B00D9DB07 /* CityTableViewController.swift in Sources */,
				543F0CE621E7509C007D5EED /* SpeechManager.swift in Sources */,
				54465526221D2FCC00F3B7BD /* hiddenTopView.swift in Sources */,
				540068D321EF0B7F00998CA7 /* ChatVC.swift in Sources */,
				54734B2F21DF274600DC208C /* RegistrationStatusViewController.swift in Sources */,
				548B99FF21EDC8CB00193310 /* TabBarController.swift in Sources */,
				54FB8D2221D3604C00D9DB07 /* GenderViewController.swift in Sources */,
				54FB8D2621D4C83200D9DB07 /* CityTableViewCell.swift in Sources */,
				541D4F4D21DC973F003E7C85 /* DistrictTableViewCell.swift in Sources */,
				54FB8D2421D3638200D9DB07 /* AgeViewController.swift in Sources */,
				5453490321F6CAB50051DD29 /* File.swift in Sources */,
				18D0AF53229B8FC5007B72A5 /* JobMasterController.swift in Sources */,
				5453490F21F83DA90051DD29 /* Popview.swift in Sources */,
				18D0AF57229B95CE007B72A5 /* WebViewController.swift in Sources */,
				545348FD21F5646D0051DD29 /* Data+Service.swift in Sources */,
				54FB8D1C21D27DDE00D9DB07 /* StartViewController.swift in Sources */,
				18D0AF5C229B968C007B72A5 /* Button.swift in Sources */,
				54FB8D2021D27E1B00D9DB07 /* DistrictTableViewController.swift in Sources */,
				541D4F5021DCB73C003E7C85 /* RoundConnerLabel.swift in Sources */,
				54734B3121DF279E00DC208C /* RegistrationCell.swift in Sources */,
				54FB8D1721D2611A00D9DB07 /* City District.swift in Sources */,
				18D0AF55229B95AE007B72A5 /* JobCell.swift in Sources */,
				54FB8D1521D2460900D9DB07 /* GetDataFromPlist.swift in Sources */,
				18D0AF5E229B96B4007B72A5 /* Extension.swift in Sources */,
				543F0CE421E745E8007D5EED /* ChatViewController.swift in Sources */,
				988C3BBC21D078D6006FCE2C /* AppDelegate.swift in Sources */,
				543CB55421E799B5002DC31A /* Global.swift in Sources */,
				18D0AF5A229B9670007B72A5 /* PopupView.swift in Sources */,
			);
			runOnlyForDeploymentPostprocessing = 0;
		};
/* End PBXSourcesBuildPhase section */

/* Begin PBXVariantGroup section */
		8403A7D8222E0DAB0034E52A /* Jobs.storyboard */ = {
			isa = PBXVariantGroup;
			children = (
				8403A7D9222E0DAB0034E52A /* Base */,
			);
			name = Jobs.storyboard;
			sourceTree = "<group>";
		};
		988C3BBF21D078D6006FCE2C /* Main.storyboard */ = {
			isa = PBXVariantGroup;
			children = (
				988C3BC021D078D6006FCE2C /* Base */,
			);
			name = Main.storyboard;
			sourceTree = "<group>";
		};
		988C3BC421D078D7006FCE2C /* LaunchScreen.storyboard */ = {
			isa = PBXVariantGroup;
			children = (
				988C3BC521D078D7006FCE2C /* Base */,
			);
			name = LaunchScreen.storyboard;
			sourceTree = "<group>";
		};
/* End PBXVariantGroup section */

/* Begin XCBuildConfiguration section */
		988C3BC821D078D7006FCE2C /* Debug */ = {
			isa = XCBuildConfiguration;
			buildSettings = {
				ALWAYS_SEARCH_USER_PATHS = NO;
				CLANG_ANALYZER_NONNULL = YES;
				CLANG_ANALYZER_NUMBER_OBJECT_CONVERSION = YES_AGGRESSIVE;
				CLANG_CXX_LANGUAGE_STANDARD = "gnu++14";
				CLANG_CXX_LIBRARY = "libc++";
				CLANG_ENABLE_MODULES = YES;
				CLANG_ENABLE_OBJC_ARC = YES;
				CLANG_ENABLE_OBJC_WEAK = YES;
				CLANG_WARN_BLOCK_CAPTURE_AUTORELEASING = YES;
				CLANG_WARN_BOOL_CONVERSION = YES;
				CLANG_WARN_COMMA = YES;
				CLANG_WARN_CONSTANT_CONVERSION = YES;
				CLANG_WARN_DEPRECATED_OBJC_IMPLEMENTATIONS = YES;
				CLANG_WARN_DIRECT_OBJC_ISA_USAGE = YES_ERROR;
				CLANG_WARN_DOCUMENTATION_COMMENTS = YES;
				CLANG_WARN_EMPTY_BODY = YES;
				CLANG_WARN_ENUM_CONVERSION = YES;
				CLANG_WARN_INFINITE_RECURSION = YES;
				CLANG_WARN_INT_CONVERSION = YES;
				CLANG_WARN_NON_LITERAL_NULL_CONVERSION = YES;
				CLANG_WARN_OBJC_IMPLICIT_RETAIN_SELF = YES;
				CLANG_WARN_OBJC_LITERAL_CONVERSION = YES;
				CLANG_WARN_OBJC_ROOT_CLASS = YES_ERROR;
				CLANG_WARN_RANGE_LOOP_ANALYSIS = YES;
				CLANG_WARN_STRICT_PROTOTYPES = YES;
				CLANG_WARN_SUSPICIOUS_MOVE = YES;
				CLANG_WARN_UNGUARDED_AVAILABILITY = YES_AGGRESSIVE;
				CLANG_WARN_UNREACHABLE_CODE = YES;
				CLANG_WARN__DUPLICATE_METHOD_MATCH = YES;
				CODE_SIGN_IDENTITY = "iPhone Developer";
				COPY_PHASE_STRIP = NO;
				DEBUG_INFORMATION_FORMAT = dwarf;
				ENABLE_STRICT_OBJC_MSGSEND = YES;
				ENABLE_TESTABILITY = YES;
				GCC_C_LANGUAGE_STANDARD = gnu11;
				GCC_DYNAMIC_NO_PIC = NO;
				GCC_NO_COMMON_BLOCKS = YES;
				GCC_OPTIMIZATION_LEVEL = 0;
				GCC_PREPROCESSOR_DEFINITIONS = (
					"DEBUG=1",
					"$(inherited)",
				);
				GCC_WARN_64_TO_32_BIT_CONVERSION = YES;
				GCC_WARN_ABOUT_RETURN_TYPE = YES_ERROR;
				GCC_WARN_UNDECLARED_SELECTOR = YES;
				GCC_WARN_UNINITIALIZED_AUTOS = YES_AGGRESSIVE;
				GCC_WARN_UNUSED_FUNCTION = YES;
				GCC_WARN_UNUSED_VARIABLE = YES;
				IPHONEOS_DEPLOYMENT_TARGET = 12.1;
				MTL_ENABLE_DEBUG_INFO = INCLUDE_SOURCE;
				MTL_FAST_MATH = YES;
				ONLY_ACTIVE_ARCH = YES;
				SDKROOT = iphoneos;
				SWIFT_ACTIVE_COMPILATION_CONDITIONS = DEBUG;
				SWIFT_OPTIMIZATION_LEVEL = "-Onone";
			};
			name = Debug;
		};
		988C3BC921D078D7006FCE2C /* Release */ = {
			isa = XCBuildConfiguration;
			buildSettings = {
				ALWAYS_SEARCH_USER_PATHS = NO;
				CLANG_ANALYZER_NONNULL = YES;
				CLANG_ANALYZER_NUMBER_OBJECT_CONVERSION = YES_AGGRESSIVE;
				CLANG_CXX_LANGUAGE_STANDARD = "gnu++14";
				CLANG_CXX_LIBRARY = "libc++";
				CLANG_ENABLE_MODULES = YES;
				CLANG_ENABLE_OBJC_ARC = YES;
				CLANG_ENABLE_OBJC_WEAK = YES;
				CLANG_WARN_BLOCK_CAPTURE_AUTORELEASING = YES;
				CLANG_WARN_BOOL_CONVERSION = YES;
				CLANG_WARN_COMMA = YES;
				CLANG_WARN_CONSTANT_CONVERSION = YES;
				CLANG_WARN_DEPRECATED_OBJC_IMPLEMENTATIONS = YES;
				CLANG_WARN_DIRECT_OBJC_ISA_USAGE = YES_ERROR;
				CLANG_WARN_DOCUMENTATION_COMMENTS = YES;
				CLANG_WARN_EMPTY_BODY = YES;
				CLANG_WARN_ENUM_CONVERSION = YES;
				CLANG_WARN_INFINITE_RECURSION = YES;
				CLANG_WARN_INT_CONVERSION = YES;
				CLANG_WARN_NON_LITERAL_NULL_CONVERSION = YES;
				CLANG_WARN_OBJC_IMPLICIT_RETAIN_SELF = YES;
				CLANG_WARN_OBJC_LITERAL_CONVERSION = YES;
				CLANG_WARN_OBJC_ROOT_CLASS = YES_ERROR;
				CLANG_WARN_RANGE_LOOP_ANALYSIS = YES;
				CLANG_WARN_STRICT_PROTOTYPES = YES;
				CLANG_WARN_SUSPICIOUS_MOVE = YES;
				CLANG_WARN_UNGUARDED_AVAILABILITY = YES_AGGRESSIVE;
				CLANG_WARN_UNREACHABLE_CODE = YES;
				CLANG_WARN__DUPLICATE_METHOD_MATCH = YES;
				CODE_SIGN_IDENTITY = "iPhone Developer";
				COPY_PHASE_STRIP = NO;
				DEBUG_INFORMATION_FORMAT = "dwarf-with-dsym";
				ENABLE_NS_ASSERTIONS = NO;
				ENABLE_STRICT_OBJC_MSGSEND = YES;
				GCC_C_LANGUAGE_STANDARD = gnu11;
				GCC_NO_COMMON_BLOCKS = YES;
				GCC_WARN_64_TO_32_BIT_CONVERSION = YES;
				GCC_WARN_ABOUT_RETURN_TYPE = YES_ERROR;
				GCC_WARN_UNDECLARED_SELECTOR = YES;
				GCC_WARN_UNINITIALIZED_AUTOS = YES_AGGRESSIVE;
				GCC_WARN_UNUSED_FUNCTION = YES;
				GCC_WARN_UNUSED_VARIABLE = YES;
				IPHONEOS_DEPLOYMENT_TARGET = 12.1;
				MTL_ENABLE_DEBUG_INFO = NO;
				MTL_FAST_MATH = YES;
				SDKROOT = iphoneos;
				SWIFT_COMPILATION_MODE = wholemodule;
				SWIFT_OPTIMIZATION_LEVEL = "-O";
				VALIDATE_PRODUCT = YES;
			};
			name = Release;
		};
		988C3BCB21D078D7006FCE2C /* Debug */ = {
			isa = XCBuildConfiguration;
			baseConfigurationReference = C4D885E1897F5AAD183A6329 /* Pods-ManToMan.debug.xcconfig */;
			buildSettings = {
				ASSETCATALOG_COMPILER_APPICON_NAME = AppIcon;
				CODE_SIGN_IDENTITY = "iPhone Developer";
				CODE_SIGN_STYLE = Automatic;
				DEVELOPMENT_TEAM = 4ASLFJP3M3;
				INFOPLIST_FILE = ManToMan/Info.plist;
				IPHONEOS_DEPLOYMENT_TARGET = 12.1;
				LD_RUNPATH_SEARCH_PATHS = (
					"$(inherited)",
					"@executable_path/Frameworks",
				);
				PRODUCT_BUNDLE_IDENTIFIER = big0.ManToMan;
				PRODUCT_NAME = "$(TARGET_NAME)";
				PROVISIONING_PROFILE_SPECIFIER = "";
				SWIFT_VERSION = 4.2;
				TARGETED_DEVICE_FAMILY = 1;
			};
			name = Debug;
		};
		988C3BCC21D078D7006FCE2C /* Release */ = {
			isa = XCBuildConfiguration;
			baseConfigurationReference = BC03B3C9F58C8D4227D0160E /* Pods-ManToMan.release.xcconfig */;
			buildSettings = {
				ASSETCATALOG_COMPILER_APPICON_NAME = AppIcon;
				CODE_SIGN_IDENTITY = "iPhone Developer";
				CODE_SIGN_STYLE = Automatic;
				DEVELOPMENT_TEAM = 4ASLFJP3M3;
				INFOPLIST_FILE = ManToMan/Info.plist;
				IPHONEOS_DEPLOYMENT_TARGET = 12.1;
				LD_RUNPATH_SEARCH_PATHS = (
					"$(inherited)",
					"@executable_path/Frameworks",
				);
				PRODUCT_BUNDLE_IDENTIFIER = big0.ManToMan;
				PRODUCT_NAME = "$(TARGET_NAME)";
				PROVISIONING_PROFILE_SPECIFIER = "";
				SWIFT_VERSION = 4.2;
				TARGETED_DEVICE_FAMILY = 1;
			};
			name = Release;
		};
/* End XCBuildConfiguration section */

/* Begin XCConfigurationList section */
		988C3BB321D078D6006FCE2C /* Build configuration list for PBXProject "ManToMan" */ = {
			isa = XCConfigurationList;
			buildConfigurations = (
				988C3BC821D078D7006FCE2C /* Debug */,
				988C3BC921D078D7006FCE2C /* Release */,
			);
			defaultConfigurationIsVisible = 0;
			defaultConfigurationName = Release;
		};
		988C3BCA21D078D7006FCE2C /* Build configuration list for PBXNativeTarget "ManToMan" */ = {
			isa = XCConfigurationList;
			buildConfigurations = (
				988C3BCB21D078D7006FCE2C /* Debug */,
				988C3BCC21D078D7006FCE2C /* Release */,
			);
			defaultConfigurationIsVisible = 0;
			defaultConfigurationName = Release;
		};
/* End XCConfigurationList section */
	};
	rootObject = 988C3BB021D078D6006FCE2C /* Project object */;
}
